
Microsoft Visual Studio Solution File, Format Version 12.00
# Visual Studio Version 17
VisualStudioVersion = 17.10.35122.118
MinimumVisualStudioVersion = 10.0.40219.1
Project("{2150E333-8FDC-42A3-9474-1A3956D46DE8}") = "src", "src", "{C2B85DE3-3E72-4D87-A0EA-0195112C7E6C}"
EndProject
Project("{2150E333-8FDC-42A3-9474-1A3956D46DE8}") = "BuildingBlocks", "BuildingBlocks", "{6962FAC4-FB93-4D70-AD6A-AC4760C7551C}"
EndProject
Project("{2150E333-8FDC-42A3-9474-1A3956D46DE8}") = "Services", "Services", "{F32CD4CA-E275-4149-9629-38E29A04655F}"
EndProject
Project("{2150E333-8FDC-42A3-9474-1A3956D46DE8}") = "Shared", "Shared", "{A37E877C-0EF5-407A-8701-CFEBE513206A}"
EndProject
Project("{FAE04EC0-301F-11D3-BF4B-00C04F79EFBC}") = "MoviesRental.Core", "src\BuildingBlocks\MoviesRental.Core\MoviesRental.Core.csproj", "{6F942690-CC29-4FD4-A1A1-5D5EEACA1C3D}"
EndProject
Project("{2150E333-8FDC-42A3-9474-1A3956D46DE8}") = "Consumer", "Consumer", "{8D40297C-9216-4ED2-8E86-40C43FF0F2DB}"
EndProject
Project("{2150E333-8FDC-42A3-9474-1A3956D46DE8}") = "Publisher", "Publisher", "{CD347205-5D3C-4BD6-81B9-5E888D34639E}"
EndProject
Project("{FAE04EC0-301F-11D3-BF4B-00C04F79EFBC}") = "MoviesRental.Consumer", "src\Services\Consumer\MoviesRental.Consumer\MoviesRental.Consumer.csproj", "{5D77A3A1-AA9E-492D-84A5-0C60D02E370B}"
EndProject
Project("{2150E333-8FDC-42A3-9474-1A3956D46DE8}") = "Domain", "Domain", "{F4DCF7C2-BED7-4541-9E50-31E64912394B}"
EndProject
Project("{2150E333-8FDC-42A3-9474-1A3956D46DE8}") = "Application", "Application", "{E41D2BE6-B8C9-4ABD-B56F-549BFE643EA9}"
EndProject
Project("{2150E333-8FDC-42A3-9474-1A3956D46DE8}") = "Infrastructure", "Infrastructure", "{717982B3-F8C3-40DA-B77B-07A33630CB9F}"
EndProject
Project("{2150E333-8FDC-42A3-9474-1A3956D46DE8}") = "Presentation", "Presentation", "{8EF73ABD-5A0F-44E4-87F6-125B1842433C}"
EndProject
Project("{2150E333-8FDC-42A3-9474-1A3956D46DE8}") = "Queries", "Queries", "{F8AB0CD4-7D3A-43AB-9C0E-AB953AACA062}"
EndProject
Project("{2150E333-8FDC-42A3-9474-1A3956D46DE8}") = "Domain", "Domain", "{238E49FB-FD97-4C24-8671-A70D9AD45390}"
EndProject
Project("{2150E333-8FDC-42A3-9474-1A3956D46DE8}") = "Application", "Application", "{AB46FC86-72DF-42CB-853D-E423C189F0E3}"
EndProject
Project("{2150E333-8FDC-42A3-9474-1A3956D46DE8}") = "Infrastructure", "Infrastructure", "{80BA48C5-25DC-4114-9EA6-EC75DEA62E25}"
EndProject
Project("{FAE04EC0-301F-11D3-BF4B-00C04F79EFBC}") = "MoviesRental.Domain", "src\Services\Publisher\Domain\MoviesRental.Domain\MoviesRental.Domain.csproj", "{BC36C48C-3997-45D7-AB50-082B09AF23AB}"
EndProject
Project("{FAE04EC0-301F-11D3-BF4B-00C04F79EFBC}") = "MoviesRental.Application", "src\Services\Publisher\Application\MoviesRental.Application\MoviesRental.Application.csproj", "{5A8208A9-F27C-40FD-9ACA-FFCAF7362B08}"
EndProject
Project("{FAE04EC0-301F-11D3-BF4B-00C04F79EFBC}") = "MoviesRental.Infrastructure", "src\Services\Publisher\Infrastructure\MoviesRental.Infrastructure\MoviesRental.Infrastructure.csproj", "{621DCBC9-9F29-4546-8179-8E8C19A4E734}"
EndProject
Project("{FAE04EC0-301F-11D3-BF4B-00C04F79EFBC}") = "MoviesRental.WebApi", "src\Services\Publisher\Presentation\MoviesRental.WebApi\MoviesRental.WebApi.csproj", "{BBCE3E34-0061-4532-8232-5760504E5949}"
EndProject
Project("{FAE04EC0-301F-11D3-BF4B-00C04F79EFBC}") = "MoviesRental.Query.Application", "src\Shared\Queries\Application\MoviesRental.Query.Application\MoviesRental.Query.Application.csproj", "{82A662F7-C286-4191-A01B-823B432BF8D0}"
EndProject
Project("{FAE04EC0-301F-11D3-BF4B-00C04F79EFBC}") = "MoviesRental.Query.Domain", "src\Shared\Queries\Domain\MoviesRental.Query.Domain\MoviesRental.Query.Domain.csproj", "{87EAC94B-38DC-4758-A2CB-6F5B9B709876}"
EndProject
Project("{FAE04EC0-301F-11D3-BF4B-00C04F79EFBC}") = "MoviesRental.Query.Infrastructure", "src\Shared\Queries\Infrastructure\MoviesRental.Query.Infrastructure\MoviesRental.Query.Infrastructure.csproj", "{CBB747B2-AAD1-473B-AD3F-B26DCC64C613}"
EndProject
Global
	GlobalSection(SolutionConfigurationPlatforms) = preSolution
		Debug|Any CPU = Debug|Any CPU
		Release|Any CPU = Release|Any CPU
	EndGlobalSection
	GlobalSection(ProjectConfigurationPlatforms) = postSolution
		{6F942690-CC29-4FD4-A1A1-5D5EEACA1C3D}.Debug|Any CPU.ActiveCfg = Debug|Any CPU
		{6F942690-CC29-4FD4-A1A1-5D5EEACA1C3D}.Debug|Any CPU.Build.0 = Debug|Any CPU
		{6F942690-CC29-4FD4-A1A1-5D5EEACA1C3D}.Release|Any CPU.ActiveCfg = Release|Any CPU
		{6F942690-CC29-4FD4-A1A1-5D5EEACA1C3D}.Release|Any CPU.Build.0 = Release|Any CPU
		{5D77A3A1-AA9E-492D-84A5-0C60D02E370B}.Debug|Any CPU.ActiveCfg = Debug|Any CPU
		{5D77A3A1-AA9E-492D-84A5-0C60D02E370B}.Debug|Any CPU.Build.0 = Debug|Any CPU
		{5D77A3A1-AA9E-492D-84A5-0C60D02E370B}.Release|Any CPU.ActiveCfg = Release|Any CPU
		{5D77A3A1-AA9E-492D-84A5-0C60D02E370B}.Release|Any CPU.Build.0 = Release|Any CPU
		{BC36C48C-3997-45D7-AB50-082B09AF23AB}.Debug|Any CPU.ActiveCfg = Debug|Any CPU
		{BC36C48C-3997-45D7-AB50-082B09AF23AB}.Debug|Any CPU.Build.0 = Debug|Any CPU
		{BC36C48C-3997-45D7-AB50-082B09AF23AB}.Release|Any CPU.ActiveCfg = Release|Any CPU
		{BC36C48C-3997-45D7-AB50-082B09AF23AB}.Release|Any CPU.Build.0 = Release|Any CPU
		{5A8208A9-F27C-40FD-9ACA-FFCAF7362B08}.Debug|Any CPU.ActiveCfg = Debug|Any CPU
		{5A8208A9-F27C-40FD-9ACA-FFCAF7362B08}.Debug|Any CPU.Build.0 = Debug|Any CPU
		{5A8208A9-F27C-40FD-9ACA-FFCAF7362B08}.Release|Any CPU.ActiveCfg = Release|Any CPU
		{5A8208A9-F27C-40FD-9ACA-FFCAF7362B08}.Release|Any CPU.Build.0 = Release|Any CPU
		{621DCBC9-9F29-4546-8179-8E8C19A4E734}.Debug|Any CPU.ActiveCfg = Debug|Any CPU
		{621DCBC9-9F29-4546-8179-8E8C19A4E734}.Debug|Any CPU.Build.0 = Debug|Any CPU
		{621DCBC9-9F29-4546-8179-8E8C19A4E734}.Release|Any CPU.ActiveCfg = Release|Any CPU
		{621DCBC9-9F29-4546-8179-8E8C19A4E734}.Release|Any CPU.Build.0 = Release|Any CPU
		{BBCE3E34-0061-4532-8232-5760504E5949}.Debug|Any CPU.ActiveCfg = Debug|Any CPU
		{BBCE3E34-0061-4532-8232-5760504E5949}.Debug|Any CPU.Build.0 = Debug|Any CPU
		{BBCE3E34-0061-4532-8232-5760504E5949}.Release|Any CPU.ActiveCfg = Release|Any CPU
		{BBCE3E34-0061-4532-8232-5760504E5949}.Release|Any CPU.Build.0 = Release|Any CPU
		{82A662F7-C286-4191-A01B-823B432BF8D0}.Debug|Any CPU.ActiveCfg = Debug|Any CPU
		{82A662F7-C286-4191-A01B-823B432BF8D0}.Debug|Any CPU.Build.0 = Debug|Any CPU
		{82A662F7-C286-4191-A01B-823B432BF8D0}.Release|Any CPU.ActiveCfg = Release|Any CPU
		{82A662F7-C286-4191-A01B-823B432BF8D0}.Release|Any CPU.Build.0 = Release|Any CPU
		{87EAC94B-38DC-4758-A2CB-6F5B9B709876}.Debug|Any CPU.ActiveCfg = Debug|Any CPU
		{87EAC94B-38DC-4758-A2CB-6F5B9B709876}.Debug|Any CPU.Build.0 = Debug|Any CPU
		{87EAC94B-38DC-4758-A2CB-6F5B9B709876}.Release|Any CPU.ActiveCfg = Release|Any CPU
		{87EAC94B-38DC-4758-A2CB-6F5B9B709876}.Release|Any CPU.Build.0 = Release|Any CPU
		{CBB747B2-AAD1-473B-AD3F-B26DCC64C613}.Debug|Any CPU.ActiveCfg = Debug|Any CPU
		{CBB747B2-AAD1-473B-AD3F-B26DCC64C613}.Debug|Any CPU.Build.0 = Debug|Any CPU
		{CBB747B2-AAD1-473B-AD3F-B26DCC64C613}.Release|Any CPU.ActiveCfg = Release|Any CPU
		{CBB747B2-AAD1-473B-AD3F-B26DCC64C613}.Release|Any CPU.Build.0 = Release|Any CPU
	EndGlobalSection
	GlobalSection(SolutionProperties) = preSolution
		HideSolutionNode = FALSE
	EndGlobalSection
	GlobalSection(NestedProjects) = preSolution
		{6962FAC4-FB93-4D70-AD6A-AC4760C7551C} = {C2B85DE3-3E72-4D87-A0EA-0195112C7E6C}
		{F32CD4CA-E275-4149-9629-38E29A04655F} = {C2B85DE3-3E72-4D87-A0EA-0195112C7E6C}
		{A37E877C-0EF5-407A-8701-CFEBE513206A} = {C2B85DE3-3E72-4D87-A0EA-0195112C7E6C}
		{6F942690-CC29-4FD4-A1A1-5D5EEACA1C3D} = {6962FAC4-FB93-4D70-AD6A-AC4760C7551C}
		{8D40297C-9216-4ED2-8E86-40C43FF0F2DB} = {F32CD4CA-E275-4149-9629-38E29A04655F}
		{CD347205-5D3C-4BD6-81B9-5E888D34639E} = {F32CD4CA-E275-4149-9629-38E29A04655F}
		{5D77A3A1-AA9E-492D-84A5-0C60D02E370B} = {8D40297C-9216-4ED2-8E86-40C43FF0F2DB}
		{F4DCF7C2-BED7-4541-9E50-31E64912394B} = {CD347205-5D3C-4BD6-81B9-5E888D34639E}
		{E41D2BE6-B8C9-4ABD-B56F-549BFE643EA9} = {CD347205-5D3C-4BD6-81B9-5E888D34639E}
		{717982B3-F8C3-40DA-B77B-07A33630CB9F} = {CD347205-5D3C-4BD6-81B9-5E888D34639E}
		{8EF73ABD-5A0F-44E4-87F6-125B1842433C} = {CD347205-5D3C-4BD6-81B9-5E888D34639E}
		{F8AB0CD4-7D3A-43AB-9C0E-AB953AACA062} = {A37E877C-0EF5-407A-8701-CFEBE513206A}
		{238E49FB-FD97-4C24-8671-A70D9AD45390} = {F8AB0CD4-7D3A-43AB-9C0E-AB953AACA062}
		{AB46FC86-72DF-42CB-853D-E423C189F0E3} = {F8AB0CD4-7D3A-43AB-9C0E-AB953AACA062}
		{80BA48C5-25DC-4114-9EA6-EC75DEA62E25} = {F8AB0CD4-7D3A-43AB-9C0E-AB953AACA062}
		{BC36C48C-3997-45D7-AB50-082B09AF23AB} = {F4DCF7C2-BED7-4541-9E50-31E64912394B}
		{5A8208A9-F27C-40FD-9ACA-FFCAF7362B08} = {E41D2BE6-B8C9-4ABD-B56F-549BFE643EA9}
		{621DCBC9-9F29-4546-8179-8E8C19A4E734} = {717982B3-F8C3-40DA-B77B-07A33630CB9F}
		{BBCE3E34-0061-4532-8232-5760504E5949} = {8EF73ABD-5A0F-44E4-87F6-125B1842433C}
		{82A662F7-C286-4191-A01B-823B432BF8D0} = {AB46FC86-72DF-42CB-853D-E423C189F0E3}
		{87EAC94B-38DC-4758-A2CB-6F5B9B709876} = {238E49FB-FD97-4C24-8671-A70D9AD45390}
		{CBB747B2-AAD1-473B-AD3F-B26DCC64C613} = {80BA48C5-25DC-4114-9EA6-EC75DEA62E25}
	EndGlobalSection
	GlobalSection(ExtensibilityGlobals) = postSolution
		SolutionGuid = {D035659D-76C2-4290-81E9-BF383F26E625}
	EndGlobalSection
EndGlobal
